
Microsoft Visual Studio Solution File, Format Version 12.00
# Visual Studio Version 16
VisualStudioVersion = 16.0.30907.101
MinimumVisualStudioVersion = 10.0.40219.1
Project("{FAE04EC0-301F-11D3-BF4B-00C04F79EFBC}") = "Boss RЯ", "Boss RЯ\Boss RЯ.csproj", "{9FE87AE9-D859-47E3-98F6-B1755007D045}"
EndProject
Global
	GlobalSection(SolutionConfigurationPlatforms) = preSolution
		Debug|Any CPU = Debug|Any CPU
		Release|Any CPU = Release|Any CPU
	EndGlobalSection
	GlobalSection(ProjectConfigurationPlatforms) = postSolution
		{9FE87AE9-D859-47E3-98F6-B1755007D045}.Debug|Any CPU.ActiveCfg = Debug|Any CPU
		{9FE87AE9-D859-47E3-98F6-B1755007D045}.Debug|Any CPU.Build.0 = Debug|Any CPU
		{9FE87AE9-D859-47E3-98F6-B1755007D045}.Release|Any CPU.ActiveCfg = Release|Any CPU
		{9FE87AE9-D859-47E3-98F6-B1755007D045}.Release|Any CPU.Build.0 = Release|Any CPU
	EndGlobalSection
	GlobalSection(SolutionProperties) = preSolution
		HideSolutionNode = FALSE
	EndGlobalSection
	GlobalSection(ExtensibilityGlobals) = postSolution
		SolutionGuid = {D8A74474-F1A2-45E2-BD56-20A974F95DCD}
	EndGlobalSection
EndGlobal
